
Microsoft Visual Studio Solution File, Format Version 12.00
# Visual Studio Version 16
VisualStudioVersion = 16.0.31112.23
MinimumVisualStudioVersion = 15.0.26124.0
Project("{9A19103F-16F7-4668-BE54-9A1E7A4F7556}") = "SharpBrick.PoweredUp.Mobile.Examples", "src\SharpBrick.PoweredUp.Mobile.Examples\SharpBrick.PoweredUp.Mobile.Examples.csproj", "{A66E2DC1-5E0D-480E-9A53-1B54D6729BE4}"
EndProject
Project("{FAE04EC0-301F-11D3-BF4B-00C04F79EFBC}") = "SharpBrick.PoweredUp.Mobile.Examples.Android", "src\SharpBrick.PoweredUp.Mobile.Examples.Android\SharpBrick.PoweredUp.Mobile.Examples.Android.csproj", "{90C51F20-29A9-472E-9D18-300B5A1AA392}"
EndProject
Global
	GlobalSection(SolutionConfigurationPlatforms) = preSolution
		Debug|Any CPU = Debug|Any CPU
		Debug|x64 = Debug|x64
		Debug|x86 = Debug|x86
		Release|Any CPU = Release|Any CPU
		Release|x64 = Release|x64
		Release|x86 = Release|x86
	EndGlobalSection
	GlobalSection(ProjectConfigurationPlatforms) = postSolution
		{A66E2DC1-5E0D-480E-9A53-1B54D6729BE4}.Debug|Any CPU.ActiveCfg = Debug|Any CPU
		{A66E2DC1-5E0D-480E-9A53-1B54D6729BE4}.Debug|Any CPU.Build.0 = Debug|Any CPU
		{A66E2DC1-5E0D-480E-9A53-1B54D6729BE4}.Debug|x64.ActiveCfg = Debug|Any CPU
		{A66E2DC1-5E0D-480E-9A53-1B54D6729BE4}.Debug|x64.Build.0 = Debug|Any CPU
		{A66E2DC1-5E0D-480E-9A53-1B54D6729BE4}.Debug|x86.ActiveCfg = Debug|Any CPU
		{A66E2DC1-5E0D-480E-9A53-1B54D6729BE4}.Debug|x86.Build.0 = Debug|Any CPU
		{A66E2DC1-5E0D-480E-9A53-1B54D6729BE4}.Release|Any CPU.ActiveCfg = Release|Any CPU
		{A66E2DC1-5E0D-480E-9A53-1B54D6729BE4}.Release|Any CPU.Build.0 = Release|Any CPU
		{A66E2DC1-5E0D-480E-9A53-1B54D6729BE4}.Release|x64.ActiveCfg = Release|Any CPU
		{A66E2DC1-5E0D-480E-9A53-1B54D6729BE4}.Release|x64.Build.0 = Release|Any CPU
		{A66E2DC1-5E0D-480E-9A53-1B54D6729BE4}.Release|x86.ActiveCfg = Release|Any CPU
		{A66E2DC1-5E0D-480E-9A53-1B54D6729BE4}.Release|x86.Build.0 = Release|Any CPU
		{90C51F20-29A9-472E-9D18-300B5A1AA392}.Debug|Any CPU.ActiveCfg = Debug|Any CPU
		{90C51F20-29A9-472E-9D18-300B5A1AA392}.Debug|Any CPU.Build.0 = Debug|Any CPU
		{90C51F20-29A9-472E-9D18-300B5A1AA392}.Debug|Any CPU.Deploy.0 = Debug|Any CPU
		{90C51F20-29A9-472E-9D18-300B5A1AA392}.Debug|x64.ActiveCfg = Debug|Any CPU
		{90C51F20-29A9-472E-9D18-300B5A1AA392}.Debug|x64.Build.0 = Debug|Any CPU
		{90C51F20-29A9-472E-9D18-300B5A1AA392}.Debug|x64.Deploy.0 = Debug|Any CPU
		{90C51F20-29A9-472E-9D18-300B5A1AA392}.Debug|x86.ActiveCfg = Debug|Any CPU
		{90C51F20-29A9-472E-9D18-300B5A1AA392}.Debug|x86.Build.0 = Debug|Any CPU
		{90C51F20-29A9-472E-9D18-300B5A1AA392}.Debug|x86.Deploy.0 = Debug|Any CPU
		{90C51F20-29A9-472E-9D18-300B5A1AA392}.Release|Any CPU.ActiveCfg = Release|Any CPU
		{90C51F20-29A9-472E-9D18-300B5A1AA392}.Release|Any CPU.Build.0 = Release|Any CPU
		{90C51F20-29A9-472E-9D18-300B5A1AA392}.Release|Any CPU.Deploy.0 = Release|Any CPU
		{90C51F20-29A9-472E-9D18-300B5A1AA392}.Release|x64.ActiveCfg = Release|Any CPU
		{90C51F20-29A9-472E-9D18-300B5A1AA392}.Release|x64.Build.0 = Release|Any CPU
		{90C51F20-29A9-472E-9D18-300B5A1AA392}.Release|x64.Deploy.0 = Release|Any CPU
		{90C51F20-29A9-472E-9D18-300B5A1AA392}.Release|x86.ActiveCfg = Release|Any CPU
		{90C51F20-29A9-472E-9D18-300B5A1AA392}.Release|x86.Build.0 = Release|Any CPU
		{90C51F20-29A9-472E-9D18-300B5A1AA392}.Release|x86.Deploy.0 = Release|Any CPU
	EndGlobalSection
	GlobalSection(SolutionProperties) = preSolution
		HideSolutionNode = FALSE
	EndGlobalSection
	GlobalSection(ExtensibilityGlobals) = postSolution
		SolutionGuid = {34AA1641-ACED-43ED-A0DD-BA88E43A67A8}
	EndGlobalSection
EndGlobal
